<?xml version="1.0" encoding="utf-8"?>
<Project ToolsVersion="4.0" xmlns="http://schemas.microsoft.com/developer/msbuild/2003">
  <ItemGroup>
    <ClCompile Include="..\..\..\addons\ofxKinectNui\src\win32\Event.cpp">
      <Filter>addons\ofxKinectNui\src\win32</Filter>
    </ClCompile>
    <ClCompile Include="..\..\..\addons\ofxKinectNui\src\kinect\nui\ImageFrame.cpp">
      <Filter>addons\ofxKinectNui\src\kinect\nui</Filter>
    </ClCompile>
    <ClCompile Include="..\..\..\addons\ofxKinectNui\src\kinect\nui\ImageStream.cpp">
      <Filter>addons\ofxKinectNui\src\kinect\nui</Filter>
    </ClCompile>
    <ClCompile Include="..\..\..\addons\ofxKinectNui\src\kinect\nui\Kinect.cpp">
      <Filter>addons\ofxKinectNui\src\kinect\nui</Filter>
    </ClCompile>
    <ClCompile Include="..\..\..\addons\ofxKinectNui\src\kinect\nui\SkeletonEngine.cpp">
      <Filter>addons\ofxKinectNui\src\kinect\nui</Filter>
    </ClCompile>
    <ClCompile Include="..\..\..\addons\ofxKinectNui\src\kinect\nui\SkeletonFrame.cpp">
      <Filter>addons\ofxKinectNui\src\kinect\nui</Filter>
    </ClCompile>
    <ClCompile Include="..\..\..\addons\ofxKinectNui\src\ofxKinectNuiRecorder.cpp">
      <Filter>addons\ofxKinectNui\src</Filter>
    </ClCompile>
    <ClCompile Include="..\..\..\addons\ofxKinectNui\src\ofxKinectNuiPlayer.cpp">
      <Filter>addons\ofxKinectNui\src</Filter>
    </ClCompile>
    <ClCompile Include="..\..\..\addons\ofxKinectNui\src\ofxKinectNui.cpp">
      <Filter>addons\ofxKinectNui\src</Filter>
    </ClCompile>
    <ClCompile Include="src\main.cpp" />
    <ClCompile Include="src\testApp.cpp" />
    <ClCompile Include="..\src\kinect\nui\KinectContext.cpp">
      <Filter>addons\ofxKinectNui\src\kinect\nui</Filter>
    </ClCompile>
    <ClCompile Include="..\..\ofxOpenCv\src\ofxCvColorImage.cpp">
      <Filter>addons\ofxOpenCv\src</Filter>
    </ClCompile>
    <ClCompile Include="..\..\ofxOpenCv\src\ofxCvContourFinder.cpp">
      <Filter>addons\ofxOpenCv\src</Filter>
    </ClCompile>
    <ClCompile Include="..\..\ofxOpenCv\src\ofxCvFloatImage.cpp">
      <Filter>addons\ofxOpenCv\src</Filter>
    </ClCompile>
    <ClCompile Include="..\..\ofxOpenCv\src\ofxCvGrayscaleImage.cpp">
      <Filter>addons\ofxOpenCv\src</Filter>
    </ClCompile>
    <ClCompile Include="..\..\ofxOpenCv\src\ofxCvHaarFinder.cpp">
      <Filter>addons\ofxOpenCv\src</Filter>
    </ClCompile>
    <ClCompile Include="..\..\ofxOpenCv\src\ofxCvImage.cpp">
      <Filter>addons\ofxOpenCv\src</Filter>
    </ClCompile>
    <ClCompile Include="..\..\ofxOpenCv\src\ofxCvShortImage.cpp">
      <Filter>addons\ofxOpenCv\src</Filter>
    </ClCompile>
    <ClCompile Include="..\..\ofxXmlSettings\libs\tinyxml.cpp">
      <Filter>addons\ofxXmlSettings\libs</Filter>
    </ClCompile>
    <ClCompile Include="..\..\ofxXmlSettings\libs\tinyxmlerror.cpp">
      <Filter>addons\ofxXmlSettings\libs</Filter>
    </ClCompile>
    <ClCompile Include="..\..\ofxXmlSettings\libs\tinyxmlparser.cpp">
      <Filter>addons\ofxXmlSettings\libs</Filter>
    </ClCompile>
    <ClCompile Include="..\..\ofxXmlSettings\src\ofxXmlSettings.cpp">
      <Filter>addons\ofxXmlSettings\src</Filter>
    </ClCompile>
    <ClCompile Include="..\src\kinect\nui\AudioStream.cpp">
      <Filter>addons\ofxKinectNui\src\kinect\nui</Filter>
    </ClCompile>
    <ClCompile Include="..\src\ofxKinectNuiSoundRecorder.cpp">
      <Filter>addons\ofxKinectNui\src</Filter>
    </ClCompile>
    <ClCompile Include="..\src\ofxKinectNuiDraw.cpp">
      <Filter>addons\ofxKinectNui\src</Filter>
    </ClCompile>
  </ItemGroup>
  <ItemGroup>
    <ClInclude Include="..\..\..\addons\ofxKinectNui\src\win32\Event.h">
      <Filter>addons\ofxKinectNui\src\win32</Filter>
    </ClInclude>
    <ClInclude Include="..\..\..\addons\ofxKinectNui\src\kinect\nui\ImageFrame.h">
      <Filter>addons\ofxKinectNui\src\kinect\nui</Filter>
    </ClInclude>
    <ClInclude Include="..\..\..\addons\ofxKinectNui\src\kinect\nui\ImageStream.h">
      <Filter>addons\ofxKinectNui\src\kinect\nui</Filter>
    </ClInclude>
    <ClInclude Include="..\..\..\addons\ofxKinectNui\src\kinect\nui\Kinect.h">
      <Filter>addons\ofxKinectNui\src\kinect\nui</Filter>
    </ClInclude>
    <ClInclude Include="..\..\..\addons\ofxKinectNui\src\kinect\nui\SkeletonEngine.h">
      <Filter>addons\ofxKinectNui\src\kinect\nui</Filter>
    </ClInclude>
    <ClInclude Include="..\..\..\addons\ofxKinectNui\src\kinect\nui\SkeletonFrame.h">
      <Filter>addons\ofxKinectNui\src\kinect\nui</Filter>
    </ClInclude>
    <ClInclude Include="..\..\..\addons\ofxKinectNui\src\ofxKinectNuiRecorder.h">
      <Filter>addons\ofxKinectNui\src</Filter>
    </ClInclude>
    <ClInclude Include="..\..\..\addons\ofxKinectNui\src\ofxKinectNuiPlayer.h">
      <Filter>addons\ofxKinectNui\src</Filter>
    </ClInclude>
    <ClInclude Include="..\..\..\addons\ofxKinectNui\src\ofxKinectNui.h">
      <Filter>addons\ofxKinectNui\src</Filter>
    </ClInclude>
    <ClInclude Include="src\testApp.h" />
    <ClInclude Include="..\src\win32\CppPreprocessor.h">
      <Filter>addons\ofxKinectNui\src\win32</Filter>
    </ClInclude>
    <ClInclude Include="..\src\kinect\nui\KinectContext.h">
      <Filter>addons\ofxKinectNui\src\kinect\nui</Filter>
    </ClInclude>
    <ClInclude Include="..\src\kinect\nui\KinectListener.h">
      <Filter>addons\ofxKinectNui\src\kinect\nui</Filter>
    </ClInclude>
    <ClInclude Include="..\src\ofxBase3DVideo.h">
      <Filter>addons\ofxKinectNui\src</Filter>
    </ClInclude>
    <ClInclude Include="..\..\ofxOpenCv\src\ofxCvBlob.h">
      <Filter>addons\ofxOpenCv\src</Filter>
    </ClInclude>
    <ClInclude Include="..\..\ofxOpenCv\src\ofxCvColorImage.h">
      <Filter>addons\ofxOpenCv\src</Filter>
    </ClInclude>
    <ClInclude Include="..\..\ofxOpenCv\src\ofxCvConstants.h">
      <Filter>addons\ofxOpenCv\src</Filter>
    </ClInclude>
    <ClInclude Include="..\..\ofxOpenCv\src\ofxCvContourFinder.h">
      <Filter>addons\ofxOpenCv\src</Filter>
    </ClInclude>
    <ClInclude Include="..\..\ofxOpenCv\src\ofxCvFloatImage.h">
      <Filter>addons\ofxOpenCv\src</Filter>
    </ClInclude>
    <ClInclude Include="..\..\ofxOpenCv\src\ofxCvGrayscaleImage.h">
      <Filter>addons\ofxOpenCv\src</Filter>
    </ClInclude>
    <ClInclude Include="..\..\ofxOpenCv\src\ofxCvHaarFinder.h">
      <Filter>addons\ofxOpenCv\src</Filter>
    </ClInclude>
    <ClInclude Include="..\..\ofxOpenCv\src\ofxCvImage.h">
      <Filter>addons\ofxOpenCv\src</Filter>
    </ClInclude>
    <ClInclude Include="..\..\ofxOpenCv\src\ofxCvMain.h">
      <Filter>addons\ofxOpenCv\src</Filter>
    </ClInclude>
    <ClInclude Include="..\..\ofxOpenCv\src\ofxCvShortImage.h">
      <Filter>addons\ofxOpenCv\src</Filter>
    </ClInclude>
    <ClInclude Include="..\..\ofxOpenCv\src\ofxOpenCv.h">
      <Filter>addons\ofxOpenCv\src</Filter>
    </ClInclude>
    <ClInclude Include="..\..\ofxXmlSettings\libs\tinyxml.h">
      <Filter>addons\ofxXmlSettings\libs</Filter>
    </ClInclude>
    <ClInclude Include="..\..\ofxXmlSettings\src\ofxXmlSettings.h">
      <Filter>addons\ofxXmlSettings\src</Filter>
    </ClInclude>
    <ClInclude Include="..\src\kinect\nui\AudioStream.h">
      <Filter>addons\ofxKinectNui\src\kinect\nui</Filter>
    </ClInclude>
    <ClInclude Include="..\src\kinect\nui\StaticMediaBuffer.h">
      <Filter>addons\ofxKinectNui\src\kinect\nui</Filter>
    </ClInclude>
    <ClInclude Include="..\src\kinect\nui\WaveFileWriter.h">
      <Filter>addons\ofxKinectNui\src\kinect\nui</Filter>
    </ClInclude>
    <ClInclude Include="..\src\kinect\nui\WaveOutput.h">
      <Filter>addons\ofxKinectNui\src\kinect\nui</Filter>
    </ClInclude>
    <ClInclude Include="..\src\ofxKinectNuiSoundRecorder.h">
      <Filter>addons\ofxKinectNui\src</Filter>
    </ClInclude>
    <ClInclude Include="..\src\ofxKinectNuiDraw.h">
      <Filter>addons\ofxKinectNui\src</Filter>
    </ClInclude>
    <ClInclude Include="..\src\ofxKinectNuiDrawInterface.h">
      <Filter>addons\ofxKinectNui\src</Filter>
    </ClInclude>
  </ItemGroup>
  <ItemGroup>
    <Filter Include="addons">
      <UniqueIdentifier>{d79abca0-5b91-4000-9e03-3b535f96d5b9}</UniqueIdentifier>
    </Filter>
    <Filter Include="addons\ofxKinectNui">
      <UniqueIdentifier>{41a2b0ca-3ef8-475b-97c2-628cf256ce13}</UniqueIdentifier>
    </Filter>
    <Filter Include="addons\ofxKinectNui\src">
      <UniqueIdentifier>{809c12a3-2279-4bd9-bbb6-c3240fd0cb4c}</UniqueIdentifier>
    </Filter>
    <Filter Include="addons\ofxKinectNui\src\win32">
      <UniqueIdentifier>{d3504b56-a649-48f7-8400-d3dd631439f4}</UniqueIdentifier>
    </Filter>
    <Filter Include="addons\ofxKinectNui\src\kinect">
      <UniqueIdentifier>{d681c037-e330-4a88-89db-dad31d77dfe6}</UniqueIdentifier>
    </Filter>
    <Filter Include="addons\ofxKinectNui\src\kinect\nui">
      <UniqueIdentifier>{ebd74895-655a-46f0-a210-57d210bcaef0}</UniqueIdentifier>
    </Filter>
    <Filter Include="addons\ofxOpenCv">
      <UniqueIdentifier>{af263bee-67b3-442a-885b-0a345f018b18}</UniqueIdentifier>
    </Filter>
    <Filter Include="addons\ofxOpenCv\src">
      <UniqueIdentifier>{df5480f0-884c-4159-a44d-c26fde8fabdf}</UniqueIdentifier>
    </Filter>
    <Filter Include="addons\ofxXmlSettings">
      <UniqueIdentifier>{545d1e0c-99bc-43a9-bdb6-5009a9a028ff}</UniqueIdentifier>
    </Filter>
    <Filter Include="addons\ofxXmlSettings\src">
      <UniqueIdentifier>{05a6d16c-a082-43b9-bb74-07331ca1eb45}</UniqueIdentifier>
    </Filter>
    <Filter Include="addons\ofxXmlSettings\libs">
      <UniqueIdentifier>{d7ecfd3e-d689-4244-961d-29679905674e}</UniqueIdentifier>
    </Filter>
  </ItemGroup>
</Project>